
Microsoft Visual Studio Solution File, Format Version 12.00
# Visual Studio Version 17
VisualStudioVersion = 17.14.36414.22
MinimumVisualStudioVersion = 10.0.40219.1
Project("{2150E333-8FDC-42A3-9474-1A3956D46DE8}") = "Task0", "Task0", "{36D591C7-65C7-A0D1-1CBC-10CDE441BDC8}"
EndProject
Project("{2150E333-8FDC-42A3-9474-1A3956D46DE8}") = "Task1", "Task1", "{EAB22341-DE30-422B-8A9F-47371A0DA642}"
EndProject
Project("{2150E333-8FDC-42A3-9474-1A3956D46DE8}") = "Task2", "Task2", "{FB1B9220-85FB-482B-8B7F-962CE524BC59}"
EndProject
Project("{2150E333-8FDC-42A3-9474-1A3956D46DE8}") = "Task3", "Task3", "{2C2BF04E-F39E-4697-B4D0-7F8D7BEAD907}"
EndProject
Project("{2150E333-8FDC-42A3-9474-1A3956D46DE8}") = "Task4", "Task4", "{6417BA54-E031-477F-A90F-7F71DE38C0F4}"
EndProject
Project("{2150E333-8FDC-42A3-9474-1A3956D46DE8}") = "Task5", "Task5", "{976FFC27-DD6C-4424-9BD2-4EB02BB87F93}"
EndProject
Project("{2150E333-8FDC-42A3-9474-1A3956D46DE8}") = "Task6", "Task6", "{33D7FCAF-1A4E-4754-A1DE-ADEF20D351AE}"
EndProject
Project("{2150E333-8FDC-42A3-9474-1A3956D46DE8}") = "Task7", "Task7", "{940811A7-A85D-4BD0-B3F7-66FDC98824EC}"
EndProject
Project("{FAE04EC0-301F-11D3-BF4B-00C04F79EFBC}") = "Tyuiu.SafronovVE.Sprint6.Task7.V28", "Tyuiu.SafronovVE.Sprint6.Task7.V28\Tyuiu.SafronovVE.Sprint6.Task7.V28.csproj", "{CF339D2A-2660-419B-B8AE-B437B7051015}"
EndProject
Project("{FAE04EC0-301F-11D3-BF4B-00C04F79EFBC}") = "Tyuiu.SafronovVE.Sprint6.Task7.V28.Lib", "Tyuiu.SafronovVE.Sprint6.Task7.V28.Lib\Tyuiu.SafronovVE.Sprint6.Task7.V28.Lib.csproj", "{E948D976-15A8-4A4C-A71D-C159DDF018EA}"
EndProject
Project("{FAE04EC0-301F-11D3-BF4B-00C04F79EFBC}") = "Tyuiu.SafronovVE.Sprint6.Task7.V28.Test", "Tyuiu.SafronovVE.Sprint6.Task7.V28.Test\Tyuiu.SafronovVE.Sprint6.Task7.V28.Test.csproj", "{97D27FC2-95CE-4560-B398-F00B8EC6E741}"
EndProject
Project("{FAE04EC0-301F-11D3-BF4B-00C04F79EFBC}") = "Tyuiu.SafronovVE.Sprint6.Task0.V24", "Tyuiu.SafronovVE.Sprint6.Task0.V24\Tyuiu.SafronovVE.Sprint6.Task0.V24.csproj", "{FCC32379-FBFA-422B-ABB0-2C958BF3FA8B}"
EndProject
Project("{FAE04EC0-301F-11D3-BF4B-00C04F79EFBC}") = "Tyuiu.SafronovVE.Sprint6.Task0.V24.Lib", "Tyuiu.SafronovVE.Sprint6.Task0.V24.Lib\Tyuiu.SafronovVE.Sprint6.Task0.V24.Lib.csproj", "{25E224DD-8C68-41F5-BB86-01CC1935C779}"
EndProject
Project("{FAE04EC0-301F-11D3-BF4B-00C04F79EFBC}") = "Tyuiu.SafronovVE.Sprint6.Task0.V24.Test", "Tyuiu.SafronovVE.Sprint6.Task0.V24.Test\Tyuiu.SafronovVE.Sprint6.Task0.V24.Test.csproj", "{7DBEF130-94A0-4089-8CBD-B54304C1B4FB}"
EndProject
Project("{FAE04EC0-301F-11D3-BF4B-00C04F79EFBC}") = "Tyuiu.SafronovVE.Sprint6.Task1.V14", "Tyuiu.SafronovVE.Sprint6.Task1.V14\Tyuiu.SafronovVE.Sprint6.Task1.V14.csproj", "{D7F14D71-684D-47E5-AA86-11B3F4930C44}"
EndProject
Project("{FAE04EC0-301F-11D3-BF4B-00C04F79EFBC}") = "Tyuiu.SafronovVE.Sprint6.Task1.V14.Lib", "Tyuiu.SafronovVE.Sprint6.Task1.V14.Lib\Tyuiu.SafronovVE.Sprint6.Task1.V14.Lib.csproj", "{5514B6AD-6427-4FA5-A4A4-845F48D4CFE6}"
EndProject
Project("{FAE04EC0-301F-11D3-BF4B-00C04F79EFBC}") = "Tyuiu.SafronovVE.Sprint6.Task1.V14.Test", "Tyuiu.SafronovVE.Sprint6.Task1.V14.Test\Tyuiu.SafronovVE.Sprint6.Task1.V14.Test.csproj", "{97723854-A4DA-44E9-A60C-689CF9A16400}"
EndProject
Project("{FAE04EC0-301F-11D3-BF4B-00C04F79EFBC}") = "Tyuiu.SafronovVE.Sprint6.Task2.V25", "Tyuiu.SafronovVE.Sprint6.Task2.V25\Tyuiu.SafronovVE.Sprint6.Task2.V25.csproj", "{67BFD193-6F0E-44D4-BE4A-DA3F549C060F}"
EndProject
Project("{FAE04EC0-301F-11D3-BF4B-00C04F79EFBC}") = "Tyuiu.SafronovVE.Sprint6.Task2.V25.Lib", "Tyuiu.SafronovVE.Sprint6.Task2.V25.Lib\Tyuiu.SafronovVE.Sprint6.Task2.V25.Lib.csproj", "{ABB630E5-AC08-4A79-857A-622BFCB55C5F}"
EndProject
Project("{FAE04EC0-301F-11D3-BF4B-00C04F79EFBC}") = "Tyuiu.SafronovVE.Sprint6.Task2.V25.Test", "Tyuiu.SafronovVE.Sprint6.Task2.V25.Test\Tyuiu.SafronovVE.Sprint6.Task2.V25.Test.csproj", "{981C46F0-82AE-493C-9584-E2FEB6FA86F3}"
EndProject
Project("{FAE04EC0-301F-11D3-BF4B-00C04F79EFBC}") = "Tyuiu.SafronovVE.Sprint6.Task3.V20", "Tyuiu.SafronovVE.Sprint6.Task3.V20\Tyuiu.SafronovVE.Sprint6.Task3.V20.csproj", "{B1FD7AF2-6F15-4EE3-8B9A-F8C3C12945A1}"
EndProject
Project("{FAE04EC0-301F-11D3-BF4B-00C04F79EFBC}") = "Tyuiu.SafronovVE.Sprint6.Task3.V20.Lib", "Tyuiu.SafronovVE.Sprint6.Task3.V20.Lib\Tyuiu.SafronovVE.Sprint6.Task3.V20.Lib.csproj", "{78DC0050-377E-4A3C-91D2-C0AF14686588}"
EndProject
Project("{FAE04EC0-301F-11D3-BF4B-00C04F79EFBC}") = "Tyuiu.SafronovVE.Sprint6.Task3.V20.Test", "Tyuiu.SafronovVE.Sprint6.Task3.V20.Test\Tyuiu.SafronovVE.Sprint6.Task3.V20.Test.csproj", "{9A5150F0-669E-413B-A4BF-6821C58764D0}"
EndProject
Project("{FAE04EC0-301F-11D3-BF4B-00C04F79EFBC}") = "Tyuiu.SafronovVE.Sprint6.Task4.V6", "Tyuiu.SafronovVE.Sprint6.Task4.V6\Tyuiu.SafronovVE.Sprint6.Task4.V6.csproj", "{F5DDD7C8-388B-4B9C-A403-2850C8884A9F}"
EndProject
Project("{FAE04EC0-301F-11D3-BF4B-00C04F79EFBC}") = "Tyuiu.SafronovVE.Sprint6.Task4.V6.Lib", "Tyuiu.SafronovVE.Sprint6.Task4.V6.Lib\Tyuiu.SafronovVE.Sprint6.Task4.V6.Lib.csproj", "{8953AD03-74F9-465A-B553-9B7733F3971E}"
EndProject
Project("{FAE04EC0-301F-11D3-BF4B-00C04F79EFBC}") = "Tyuiu.SafronovVE.Sprint6.Task4.V6.Test", "Tyuiu.SafronovVE.Sprint6.Task4.V6.Test\Tyuiu.SafronovVE.Sprint6.Task4.V6.Test.csproj", "{783C0830-1000-45F6-BB49-C78A65942C35}"
EndProject
Project("{FAE04EC0-301F-11D3-BF4B-00C04F79EFBC}") = "Tyuiu.SafronovVE.Sprint6.Task5.V19", "Tyuiu.SafronovVE.Sprint6.Task5.V19\Tyuiu.SafronovVE.Sprint6.Task5.V19.csproj", "{182F30E5-8689-4942-9AB7-95751E666E19}"
EndProject
Project("{FAE04EC0-301F-11D3-BF4B-00C04F79EFBC}") = "Tyuiu.SafronovVE.Sprint6.Task5.V19.Lib", "Tyuiu.SafronovVE.Sprint6.Task5.V19.Lib\Tyuiu.SafronovVE.Sprint6.Task5.V19.Lib.csproj", "{2D18545A-858B-48D7-BEA5-421CED3ABFBC}"
EndProject
Project("{FAE04EC0-301F-11D3-BF4B-00C04F79EFBC}") = "Tyuiu.SafronovVE.Sprint6.Task5.V19.Test", "Tyuiu.SafronovVE.Sprint6.Task5.V19.Test\Tyuiu.SafronovVE.Sprint6.Task5.V19.Test.csproj", "{3DF61D07-9EB5-44B8-82D4-52864B620183}"
EndProject
Project("{FAE04EC0-301F-11D3-BF4B-00C04F79EFBC}") = "Tyuiu.SafronovVE.Sprint6.Task6.V16", "Tyuiu.SafronovVE.Sprint6.Task6.V16\Tyuiu.SafronovVE.Sprint6.Task6.V16.csproj", "{C167472F-6108-4EAF-A90D-B440B2E7F2CE}"
EndProject
Project("{FAE04EC0-301F-11D3-BF4B-00C04F79EFBC}") = "Tyuiu.SafronovVE.Sprint6.Task6.V16.Test", "Tyuiu.SafronovVE.Sprint6.Task6.V16.Test\Tyuiu.SafronovVE.Sprint6.Task6.V16.Test.csproj", "{19EB7C0C-7E9B-4FFC-931E-FEC5383FA163}"
EndProject
Project("{FAE04EC0-301F-11D3-BF4B-00C04F79EFBC}") = "Tyuiu.SafronovVE.Sprint6.Task6.V16.Lib", "Tyuiu.SafronovVE.Sprint6.Task6.V16.Lib\Tyuiu.SafronovVE.Sprint6.Task6.V16.Lib.csproj", "{DA978755-E3F7-4A68-9A1E-A1555BB1D2A3}"
EndProject
Global
	GlobalSection(SolutionConfigurationPlatforms) = preSolution
		Debug|Any CPU = Debug|Any CPU
		Release|Any CPU = Release|Any CPU
	EndGlobalSection
	GlobalSection(ProjectConfigurationPlatforms) = postSolution
		{CF339D2A-2660-419B-B8AE-B437B7051015}.Debug|Any CPU.ActiveCfg = Debug|Any CPU
		{CF339D2A-2660-419B-B8AE-B437B7051015}.Debug|Any CPU.Build.0 = Debug|Any CPU
		{CF339D2A-2660-419B-B8AE-B437B7051015}.Release|Any CPU.ActiveCfg = Release|Any CPU
		{CF339D2A-2660-419B-B8AE-B437B7051015}.Release|Any CPU.Build.0 = Release|Any CPU
		{E948D976-15A8-4A4C-A71D-C159DDF018EA}.Debug|Any CPU.ActiveCfg = Debug|Any CPU
		{E948D976-15A8-4A4C-A71D-C159DDF018EA}.Debug|Any CPU.Build.0 = Debug|Any CPU
		{E948D976-15A8-4A4C-A71D-C159DDF018EA}.Release|Any CPU.ActiveCfg = Release|Any CPU
		{E948D976-15A8-4A4C-A71D-C159DDF018EA}.Release|Any CPU.Build.0 = Release|Any CPU
		{97D27FC2-95CE-4560-B398-F00B8EC6E741}.Debug|Any CPU.ActiveCfg = Debug|Any CPU
		{97D27FC2-95CE-4560-B398-F00B8EC6E741}.Debug|Any CPU.Build.0 = Debug|Any CPU
		{97D27FC2-95CE-4560-B398-F00B8EC6E741}.Release|Any CPU.ActiveCfg = Release|Any CPU
		{97D27FC2-95CE-4560-B398-F00B8EC6E741}.Release|Any CPU.Build.0 = Release|Any CPU
		{FCC32379-FBFA-422B-ABB0-2C958BF3FA8B}.Debug|Any CPU.ActiveCfg = Debug|Any CPU
		{FCC32379-FBFA-422B-ABB0-2C958BF3FA8B}.Debug|Any CPU.Build.0 = Debug|Any CPU
		{FCC32379-FBFA-422B-ABB0-2C958BF3FA8B}.Release|Any CPU.ActiveCfg = Release|Any CPU
		{FCC32379-FBFA-422B-ABB0-2C958BF3FA8B}.Release|Any CPU.Build.0 = Release|Any CPU
		{25E224DD-8C68-41F5-BB86-01CC1935C779}.Debug|Any CPU.ActiveCfg = Debug|Any CPU
		{25E224DD-8C68-41F5-BB86-01CC1935C779}.Debug|Any CPU.Build.0 = Debug|Any CPU
		{25E224DD-8C68-41F5-BB86-01CC1935C779}.Release|Any CPU.ActiveCfg = Release|Any CPU
		{25E224DD-8C68-41F5-BB86-01CC1935C779}.Release|Any CPU.Build.0 = Release|Any CPU
		{7DBEF130-94A0-4089-8CBD-B54304C1B4FB}.Debug|Any CPU.ActiveCfg = Debug|Any CPU
		{7DBEF130-94A0-4089-8CBD-B54304C1B4FB}.Debug|Any CPU.Build.0 = Debug|Any CPU
		{7DBEF130-94A0-4089-8CBD-B54304C1B4FB}.Release|Any CPU.ActiveCfg = Release|Any CPU
		{7DBEF130-94A0-4089-8CBD-B54304C1B4FB}.Release|Any CPU.Build.0 = Release|Any CPU
		{D7F14D71-684D-47E5-AA86-11B3F4930C44}.Debug|Any CPU.ActiveCfg = Debug|Any CPU
		{D7F14D71-684D-47E5-AA86-11B3F4930C44}.Debug|Any CPU.Build.0 = Debug|Any CPU
		{D7F14D71-684D-47E5-AA86-11B3F4930C44}.Release|Any CPU.ActiveCfg = Release|Any CPU
		{D7F14D71-684D-47E5-AA86-11B3F4930C44}.Release|Any CPU.Build.0 = Release|Any CPU
		{5514B6AD-6427-4FA5-A4A4-845F48D4CFE6}.Debug|Any CPU.ActiveCfg = Debug|Any CPU
		{5514B6AD-6427-4FA5-A4A4-845F48D4CFE6}.Debug|Any CPU.Build.0 = Debug|Any CPU
		{5514B6AD-6427-4FA5-A4A4-845F48D4CFE6}.Release|Any CPU.ActiveCfg = Release|Any CPU
		{5514B6AD-6427-4FA5-A4A4-845F48D4CFE6}.Release|Any CPU.Build.0 = Release|Any CPU
		{97723854-A4DA-44E9-A60C-689CF9A16400}.Debug|Any CPU.ActiveCfg = Debug|Any CPU
		{97723854-A4DA-44E9-A60C-689CF9A16400}.Debug|Any CPU.Build.0 = Debug|Any CPU
		{97723854-A4DA-44E9-A60C-689CF9A16400}.Release|Any CPU.ActiveCfg = Release|Any CPU
		{97723854-A4DA-44E9-A60C-689CF9A16400}.Release|Any CPU.Build.0 = Release|Any CPU
		{67BFD193-6F0E-44D4-BE4A-DA3F549C060F}.Debug|Any CPU.ActiveCfg = Debug|Any CPU
		{67BFD193-6F0E-44D4-BE4A-DA3F549C060F}.Debug|Any CPU.Build.0 = Debug|Any CPU
		{67BFD193-6F0E-44D4-BE4A-DA3F549C060F}.Release|Any CPU.ActiveCfg = Release|Any CPU
		{67BFD193-6F0E-44D4-BE4A-DA3F549C060F}.Release|Any CPU.Build.0 = Release|Any CPU
		{ABB630E5-AC08-4A79-857A-622BFCB55C5F}.Debug|Any CPU.ActiveCfg = Debug|Any CPU
		{ABB630E5-AC08-4A79-857A-622BFCB55C5F}.Debug|Any CPU.Build.0 = Debug|Any CPU
		{ABB630E5-AC08-4A79-857A-622BFCB55C5F}.Release|Any CPU.ActiveCfg = Release|Any CPU
		{ABB630E5-AC08-4A79-857A-622BFCB55C5F}.Release|Any CPU.Build.0 = Release|Any CPU
		{981C46F0-82AE-493C-9584-E2FEB6FA86F3}.Debug|Any CPU.ActiveCfg = Debug|Any CPU
		{981C46F0-82AE-493C-9584-E2FEB6FA86F3}.Debug|Any CPU.Build.0 = Debug|Any CPU
		{981C46F0-82AE-493C-9584-E2FEB6FA86F3}.Release|Any CPU.ActiveCfg = Release|Any CPU
		{981C46F0-82AE-493C-9584-E2FEB6FA86F3}.Release|Any CPU.Build.0 = Release|Any CPU
		{B1FD7AF2-6F15-4EE3-8B9A-F8C3C12945A1}.Debug|Any CPU.ActiveCfg = Debug|Any CPU
		{B1FD7AF2-6F15-4EE3-8B9A-F8C3C12945A1}.Debug|Any CPU.Build.0 = Debug|Any CPU
		{B1FD7AF2-6F15-4EE3-8B9A-F8C3C12945A1}.Release|Any CPU.ActiveCfg = Release|Any CPU
		{B1FD7AF2-6F15-4EE3-8B9A-F8C3C12945A1}.Release|Any CPU.Build.0 = Release|Any CPU
		{78DC0050-377E-4A3C-91D2-C0AF14686588}.Debug|Any CPU.ActiveCfg = Debug|Any CPU
		{78DC0050-377E-4A3C-91D2-C0AF14686588}.Debug|Any CPU.Build.0 = Debug|Any CPU
		{78DC0050-377E-4A3C-91D2-C0AF14686588}.Release|Any CPU.ActiveCfg = Release|Any CPU
		{78DC0050-377E-4A3C-91D2-C0AF14686588}.Release|Any CPU.Build.0 = Release|Any CPU
		{9A5150F0-669E-413B-A4BF-6821C58764D0}.Debug|Any CPU.ActiveCfg = Debug|Any CPU
		{9A5150F0-669E-413B-A4BF-6821C58764D0}.Debug|Any CPU.Build.0 = Debug|Any CPU
		{9A5150F0-669E-413B-A4BF-6821C58764D0}.Release|Any CPU.ActiveCfg = Release|Any CPU
		{9A5150F0-669E-413B-A4BF-6821C58764D0}.Release|Any CPU.Build.0 = Release|Any CPU
		{F5DDD7C8-388B-4B9C-A403-2850C8884A9F}.Debug|Any CPU.ActiveCfg = Debug|Any CPU
		{F5DDD7C8-388B-4B9C-A403-2850C8884A9F}.Debug|Any CPU.Build.0 = Debug|Any CPU
		{F5DDD7C8-388B-4B9C-A403-2850C8884A9F}.Release|Any CPU.ActiveCfg = Release|Any CPU
		{F5DDD7C8-388B-4B9C-A403-2850C8884A9F}.Release|Any CPU.Build.0 = Release|Any CPU
		{8953AD03-74F9-465A-B553-9B7733F3971E}.Debug|Any CPU.ActiveCfg = Debug|Any CPU
		{8953AD03-74F9-465A-B553-9B7733F3971E}.Debug|Any CPU.Build.0 = Debug|Any CPU
		{8953AD03-74F9-465A-B553-9B7733F3971E}.Release|Any CPU.ActiveCfg = Release|Any CPU
		{8953AD03-74F9-465A-B553-9B7733F3971E}.Release|Any CPU.Build.0 = Release|Any CPU
		{783C0830-1000-45F6-BB49-C78A65942C35}.Debug|Any CPU.ActiveCfg = Debug|Any CPU
		{783C0830-1000-45F6-BB49-C78A65942C35}.Debug|Any CPU.Build.0 = Debug|Any CPU
		{783C0830-1000-45F6-BB49-C78A65942C35}.Release|Any CPU.ActiveCfg = Release|Any CPU
		{783C0830-1000-45F6-BB49-C78A65942C35}.Release|Any CPU.Build.0 = Release|Any CPU
		{182F30E5-8689-4942-9AB7-95751E666E19}.Debug|Any CPU.ActiveCfg = Debug|Any CPU
		{182F30E5-8689-4942-9AB7-95751E666E19}.Debug|Any CPU.Build.0 = Debug|Any CPU
		{182F30E5-8689-4942-9AB7-95751E666E19}.Release|Any CPU.ActiveCfg = Release|Any CPU
		{182F30E5-8689-4942-9AB7-95751E666E19}.Release|Any CPU.Build.0 = Release|Any CPU
		{2D18545A-858B-48D7-BEA5-421CED3ABFBC}.Debug|Any CPU.ActiveCfg = Debug|Any CPU
		{2D18545A-858B-48D7-BEA5-421CED3ABFBC}.Debug|Any CPU.Build.0 = Debug|Any CPU
		{2D18545A-858B-48D7-BEA5-421CED3ABFBC}.Release|Any CPU.ActiveCfg = Release|Any CPU
		{2D18545A-858B-48D7-BEA5-421CED3ABFBC}.Release|Any CPU.Build.0 = Release|Any CPU
		{3DF61D07-9EB5-44B8-82D4-52864B620183}.Debug|Any CPU.ActiveCfg = Debug|Any CPU
		{3DF61D07-9EB5-44B8-82D4-52864B620183}.Debug|Any CPU.Build.0 = Debug|Any CPU
		{3DF61D07-9EB5-44B8-82D4-52864B620183}.Release|Any CPU.ActiveCfg = Release|Any CPU
		{3DF61D07-9EB5-44B8-82D4-52864B620183}.Release|Any CPU.Build.0 = Release|Any CPU
		{C167472F-6108-4EAF-A90D-B440B2E7F2CE}.Debug|Any CPU.ActiveCfg = Debug|Any CPU
		{C167472F-6108-4EAF-A90D-B440B2E7F2CE}.Debug|Any CPU.Build.0 = Debug|Any CPU
		{C167472F-6108-4EAF-A90D-B440B2E7F2CE}.Release|Any CPU.ActiveCfg = Release|Any CPU
		{C167472F-6108-4EAF-A90D-B440B2E7F2CE}.Release|Any CPU.Build.0 = Release|Any CPU
		{19EB7C0C-7E9B-4FFC-931E-FEC5383FA163}.Debug|Any CPU.ActiveCfg = Debug|Any CPU
		{19EB7C0C-7E9B-4FFC-931E-FEC5383FA163}.Debug|Any CPU.Build.0 = Debug|Any CPU
		{19EB7C0C-7E9B-4FFC-931E-FEC5383FA163}.Release|Any CPU.ActiveCfg = Release|Any CPU
		{19EB7C0C-7E9B-4FFC-931E-FEC5383FA163}.Release|Any CPU.Build.0 = Release|Any CPU
		{DA978755-E3F7-4A68-9A1E-A1555BB1D2A3}.Debug|Any CPU.ActiveCfg = Debug|Any CPU
		{DA978755-E3F7-4A68-9A1E-A1555BB1D2A3}.Debug|Any CPU.Build.0 = Debug|Any CPU
		{DA978755-E3F7-4A68-9A1E-A1555BB1D2A3}.Release|Any CPU.ActiveCfg = Release|Any CPU
		{DA978755-E3F7-4A68-9A1E-A1555BB1D2A3}.Release|Any CPU.Build.0 = Release|Any CPU
	EndGlobalSection
	GlobalSection(SolutionProperties) = preSolution
		HideSolutionNode = FALSE
	EndGlobalSection
	GlobalSection(NestedProjects) = preSolution
		{CF339D2A-2660-419B-B8AE-B437B7051015} = {940811A7-A85D-4BD0-B3F7-66FDC98824EC}
		{E948D976-15A8-4A4C-A71D-C159DDF018EA} = {940811A7-A85D-4BD0-B3F7-66FDC98824EC}
		{97D27FC2-95CE-4560-B398-F00B8EC6E741} = {940811A7-A85D-4BD0-B3F7-66FDC98824EC}
		{FCC32379-FBFA-422B-ABB0-2C958BF3FA8B} = {36D591C7-65C7-A0D1-1CBC-10CDE441BDC8}
		{25E224DD-8C68-41F5-BB86-01CC1935C779} = {36D591C7-65C7-A0D1-1CBC-10CDE441BDC8}
		{7DBEF130-94A0-4089-8CBD-B54304C1B4FB} = {36D591C7-65C7-A0D1-1CBC-10CDE441BDC8}
		{D7F14D71-684D-47E5-AA86-11B3F4930C44} = {EAB22341-DE30-422B-8A9F-47371A0DA642}
		{5514B6AD-6427-4FA5-A4A4-845F48D4CFE6} = {EAB22341-DE30-422B-8A9F-47371A0DA642}
		{97723854-A4DA-44E9-A60C-689CF9A16400} = {EAB22341-DE30-422B-8A9F-47371A0DA642}
		{67BFD193-6F0E-44D4-BE4A-DA3F549C060F} = {FB1B9220-85FB-482B-8B7F-962CE524BC59}
		{ABB630E5-AC08-4A79-857A-622BFCB55C5F} = {FB1B9220-85FB-482B-8B7F-962CE524BC59}
		{981C46F0-82AE-493C-9584-E2FEB6FA86F3} = {FB1B9220-85FB-482B-8B7F-962CE524BC59}
		{B1FD7AF2-6F15-4EE3-8B9A-F8C3C12945A1} = {2C2BF04E-F39E-4697-B4D0-7F8D7BEAD907}
		{78DC0050-377E-4A3C-91D2-C0AF14686588} = {2C2BF04E-F39E-4697-B4D0-7F8D7BEAD907}
		{9A5150F0-669E-413B-A4BF-6821C58764D0} = {2C2BF04E-F39E-4697-B4D0-7F8D7BEAD907}
		{F5DDD7C8-388B-4B9C-A403-2850C8884A9F} = {6417BA54-E031-477F-A90F-7F71DE38C0F4}
		{8953AD03-74F9-465A-B553-9B7733F3971E} = {6417BA54-E031-477F-A90F-7F71DE38C0F4}
		{783C0830-1000-45F6-BB49-C78A65942C35} = {6417BA54-E031-477F-A90F-7F71DE38C0F4}
		{182F30E5-8689-4942-9AB7-95751E666E19} = {976FFC27-DD6C-4424-9BD2-4EB02BB87F93}
		{2D18545A-858B-48D7-BEA5-421CED3ABFBC} = {976FFC27-DD6C-4424-9BD2-4EB02BB87F93}
		{3DF61D07-9EB5-44B8-82D4-52864B620183} = {976FFC27-DD6C-4424-9BD2-4EB02BB87F93}
		{C167472F-6108-4EAF-A90D-B440B2E7F2CE} = {33D7FCAF-1A4E-4754-A1DE-ADEF20D351AE}
		{19EB7C0C-7E9B-4FFC-931E-FEC5383FA163} = {33D7FCAF-1A4E-4754-A1DE-ADEF20D351AE}
		{DA978755-E3F7-4A68-9A1E-A1555BB1D2A3} = {33D7FCAF-1A4E-4754-A1DE-ADEF20D351AE}
	EndGlobalSection
	GlobalSection(ExtensibilityGlobals) = postSolution
		SolutionGuid = {72A6FF8B-3D00-4BB4-B53C-5A7959C83D2F}
	EndGlobalSection
EndGlobal
