
Microsoft Visual Studio Solution File, Format Version 12.00
# Visual Studio Version 17
VisualStudioVersion = 17.14.36414.22
MinimumVisualStudioVersion = 10.0.40219.1
Project("{2150E333-8FDC-42A3-9474-1A3956D46DE8}") = "Task0", "Task0", "{36D591C7-65C7-A0D1-1CBC-10CDE441BDC8}"
EndProject
Project("{2150E333-8FDC-42A3-9474-1A3956D46DE8}") = "Task1", "Task1", "{EAB22341-DE30-422B-8A9F-47371A0DA642}"
EndProject
Project("{FAE04EC0-301F-11D3-BF4B-00C04F79EFBC}") = "Tyuiu.SafronovVE.Sprint6.Task1.V14", "Tyuiu.SafronovVE.Sprint6.Task1.V14\Tyuiu.SafronovVE.Sprint6.Task1.V14.csproj", "{91F12730-39B1-4D95-B4D2-7B5E45E5D154}"
EndProject
Project("{FAE04EC0-301F-11D3-BF4B-00C04F79EFBC}") = "Tyuiu.SafronovVE.Sprint6.Task1.V14.Lib", "Tyuiu.SafronovVE.Sprint6.Task1.V14.Lib\Tyuiu.SafronovVE.Sprint6.Task1.V14.Lib.csproj", "{F365CBCD-B5CA-4821-9596-081BEACBC390}"
EndProject
Project("{FAE04EC0-301F-11D3-BF4B-00C04F79EFBC}") = "Tyuiu.SafronovVE.Sprint6.Task1.V14.Test", "Tyuiu.SafronovVE.Sprint6.Task1.V14.Test\Tyuiu.SafronovVE.Sprint6.Task1.V14.Test.csproj", "{5F659D34-D2D0-493C-BB43-F4A27424A8BC}"
EndProject
Project("{2150E333-8FDC-42A3-9474-1A3956D46DE8}") = "Task2", "Task2", "{FB1B9220-85FB-482B-8B7F-962CE524BC59}"
EndProject
Project("{FAE04EC0-301F-11D3-BF4B-00C04F79EFBC}") = "Tyuiu.SafronovVE.Sprint6.Task2.V25", "Tyuiu.SafronovVE.Sprint6.Task2.V25\Tyuiu.SafronovVE.Sprint6.Task2.V25.csproj", "{97BB7735-5467-4DAD-94F6-4A82469B6433}"
EndProject
Project("{FAE04EC0-301F-11D3-BF4B-00C04F79EFBC}") = "Tyuiu.SafronovVE.Sprint6.Task2.V25.Lib", "Tyuiu.SafronovVE.Sprint6.Task2.V25.Lib\Tyuiu.SafronovVE.Sprint6.Task2.V25.Lib.csproj", "{0BC9AF4C-13EE-4377-87B3-1F97618FB6FD}"
EndProject
Project("{FAE04EC0-301F-11D3-BF4B-00C04F79EFBC}") = "Tyuiu.SafronovVE.Sprint6.Task2.V25.Test", "Tyuiu.SafronovVE.Sprint6.Task2.V25.Test\Tyuiu.SafronovVE.Sprint6.Task2.V25.Test.csproj", "{F2A55BEA-63C6-4D7F-8163-4BFA98018BE4}"
EndProject
Project("{2150E333-8FDC-42A3-9474-1A3956D46DE8}") = "Task3", "Task3", "{2C2BF04E-F39E-4697-B4D0-7F8D7BEAD907}"
EndProject
Project("{FAE04EC0-301F-11D3-BF4B-00C04F79EFBC}") = "Tyuiu.SafronovVE.Sprint6.Task3.V20", "Tyuiu.SafronovVE.Sprint6.Task3.V20\Tyuiu.SafronovVE.Sprint6.Task3.V20.csproj", "{6882E899-3F33-479B-98B1-BE9FDF507F92}"
EndProject
Project("{FAE04EC0-301F-11D3-BF4B-00C04F79EFBC}") = "Tyuiu.SafronovVE.Sprint6.Task3.V20.Lib", "Tyuiu.SafronovVE.Sprint6.Task3.V20.Lib\Tyuiu.SafronovVE.Sprint6.Task3.V20.Lib.csproj", "{434488AB-FB7A-4A2C-9F97-1E3EBA2BDFFF}"
EndProject
Project("{FAE04EC0-301F-11D3-BF4B-00C04F79EFBC}") = "Tyuiu.SafronovVE.Sprint6.Task3.V20.Test", "Tyuiu.SafronovVE.Sprint6.Task3.V20.Test\Tyuiu.SafronovVE.Sprint6.Task3.V20.Test.csproj", "{0826F9BB-DD63-428F-96E8-F04BF8B33C50}"
EndProject
Project("{2150E333-8FDC-42A3-9474-1A3956D46DE8}") = "Task4", "Task4", "{6417BA54-E031-477F-A90F-7F71DE38C0F4}"
EndProject
Project("{FAE04EC0-301F-11D3-BF4B-00C04F79EFBC}") = "Tyuiu.SafronovVE.Sprint6.Task4.V6", "Tyuiu.SafronovVE.Sprint6.Task4.V6\Tyuiu.SafronovVE.Sprint6.Task4.V6.csproj", "{96670507-B70F-4A1A-BA72-5A61AEC085E2}"
EndProject
Project("{FAE04EC0-301F-11D3-BF4B-00C04F79EFBC}") = "Tyuiu.SafronovVE.Sprint6.Task4.V6.Lib", "Tyuiu.SafronovVE.Sprint6.Task4.V6.Lib\Tyuiu.SafronovVE.Sprint6.Task4.V6.Lib.csproj", "{BED995BC-601F-4A3D-8B02-3C70EB678E23}"
EndProject
Project("{FAE04EC0-301F-11D3-BF4B-00C04F79EFBC}") = "Tyuiu.SafronovVE.Sprint6.Task4.V6.Test", "Tyuiu.SafronovVE.Sprint6.Task4.V6.Test\Tyuiu.SafronovVE.Sprint6.Task4.V6.Test.csproj", "{3B696D25-D37D-4F46-ADC2-77751AE1E5D3}"
EndProject
Project("{2150E333-8FDC-42A3-9474-1A3956D46DE8}") = "Task5", "Task5", "{976FFC27-DD6C-4424-9BD2-4EB02BB87F93}"
EndProject
Project("{FAE04EC0-301F-11D3-BF4B-00C04F79EFBC}") = "Tyuiu.SafronovVE.Sprint6.Task5.V19", "Tyuiu.SafronovVE.Sprint6.Task5.V19\Tyuiu.SafronovVE.Sprint6.Task5.V19.csproj", "{E7C06FD2-D791-473E-A7CE-D2E13B144F48}"
EndProject
Project("{FAE04EC0-301F-11D3-BF4B-00C04F79EFBC}") = "Tyuiu.SafronovVE.Sprint6.Task5.V19.Lib", "Tyuiu.SafronovVE.Sprint6.Task5.V19.Lib\Tyuiu.SafronovVE.Sprint6.Task5.V19.Lib.csproj", "{F35D12E7-5A9E-4392-953D-3E8BAEFF360D}"
EndProject
Project("{FAE04EC0-301F-11D3-BF4B-00C04F79EFBC}") = "Tyuiu.SafronovVE.Sprint6.Task5.V19.Test", "Tyuiu.SafronovVE.Sprint6.Task5.V19.Test\Tyuiu.SafronovVE.Sprint6.Task5.V19.Test.csproj", "{2D384C0F-B24A-4354-91E2-F28D21802A69}"
EndProject
Project("{2150E333-8FDC-42A3-9474-1A3956D46DE8}") = "Task6", "Task6", "{33D7FCAF-1A4E-4754-A1DE-ADEF20D351AE}"
EndProject
Project("{FAE04EC0-301F-11D3-BF4B-00C04F79EFBC}") = "Tyuiu.SafronovVE.Sprint6.Task6.V16", "Tyuiu.SafronovVE.Sprint6.Task6.V16\Tyuiu.SafronovVE.Sprint6.Task6.V16.csproj", "{FC2DFF6D-AA60-4606-A496-FE19CCD41CB2}"
EndProject
Project("{FAE04EC0-301F-11D3-BF4B-00C04F79EFBC}") = "Tyuiu.SafronovVE.Sprint6.Task6.V16.Lib", "Tyuiu.SafronovVE.Sprint6.Task6.V16.Lib\Tyuiu.SafronovVE.Sprint6.Task6.V16.Lib.csproj", "{591307B2-B218-43E8-9477-6CC27D55E09F}"
EndProject
Project("{FAE04EC0-301F-11D3-BF4B-00C04F79EFBC}") = "Tyuiu.SafronovVE.Sprint6.Task6.V16.Test", "Tyuiu.SafronovVE.Sprint6.Task6.V16.Test\Tyuiu.SafronovVE.Sprint6.Task6.V16.Test.csproj", "{5C590061-8194-420B-8934-2C966C3B221E}"
EndProject
Project("{2150E333-8FDC-42A3-9474-1A3956D46DE8}") = "Task7", "Task7", "{940811A7-A85D-4BD0-B3F7-66FDC98824EC}"
EndProject
Project("{FAE04EC0-301F-11D3-BF4B-00C04F79EFBC}") = "Tyuiu.SafronovVE.Sprint6.Task7.V28", "Tyuiu.SafronovVE.Sprint6.Task7.V28\Tyuiu.SafronovVE.Sprint6.Task7.V28.csproj", "{CF339D2A-2660-419B-B8AE-B437B7051015}"
EndProject
Project("{FAE04EC0-301F-11D3-BF4B-00C04F79EFBC}") = "Tyuiu.SafronovVE.Sprint6.Task7.V28.Lib", "Tyuiu.SafronovVE.Sprint6.Task7.V28.Lib\Tyuiu.SafronovVE.Sprint6.Task7.V28.Lib.csproj", "{E948D976-15A8-4A4C-A71D-C159DDF018EA}"
EndProject
Project("{FAE04EC0-301F-11D3-BF4B-00C04F79EFBC}") = "Tyuiu.SafronovVE.Sprint6.Task7.V28.Test", "Tyuiu.SafronovVE.Sprint6.Task7.V28.Test\Tyuiu.SafronovVE.Sprint6.Task7.V28.Test.csproj", "{97D27FC2-95CE-4560-B398-F00B8EC6E741}"
EndProject
Project("{FAE04EC0-301F-11D3-BF4B-00C04F79EFBC}") = "Tyuiu.SafronovVE.Sprint6.Task0.V24", "Tyuiu.SafronovVE.Sprint6.Task0.V24\Tyuiu.SafronovVE.Sprint6.Task0.V24.csproj", "{FCC32379-FBFA-422B-ABB0-2C958BF3FA8B}"
EndProject
Project("{FAE04EC0-301F-11D3-BF4B-00C04F79EFBC}") = "Tyuiu.SafronovVE.Sprint6.Task0.V24.Lib", "Tyuiu.SafronovVE.Sprint6.Task0.V24.Lib\Tyuiu.SafronovVE.Sprint6.Task0.V24.Lib.csproj", "{25E224DD-8C68-41F5-BB86-01CC1935C779}"
EndProject
Project("{FAE04EC0-301F-11D3-BF4B-00C04F79EFBC}") = "Tyuiu.SafronovVE.Sprint6.Task0.V24.Test", "Tyuiu.SafronovVE.Sprint6.Task0.V24.Test\Tyuiu.SafronovVE.Sprint6.Task0.V24.Test.csproj", "{7DBEF130-94A0-4089-8CBD-B54304C1B4FB}"
EndProject
Global
	GlobalSection(SolutionConfigurationPlatforms) = preSolution
		Debug|Any CPU = Debug|Any CPU
		Release|Any CPU = Release|Any CPU
	EndGlobalSection
	GlobalSection(ProjectConfigurationPlatforms) = postSolution
		{91F12730-39B1-4D95-B4D2-7B5E45E5D154}.Debug|Any CPU.ActiveCfg = Debug|Any CPU
		{91F12730-39B1-4D95-B4D2-7B5E45E5D154}.Debug|Any CPU.Build.0 = Debug|Any CPU
		{91F12730-39B1-4D95-B4D2-7B5E45E5D154}.Release|Any CPU.ActiveCfg = Release|Any CPU
		{91F12730-39B1-4D95-B4D2-7B5E45E5D154}.Release|Any CPU.Build.0 = Release|Any CPU
		{F365CBCD-B5CA-4821-9596-081BEACBC390}.Debug|Any CPU.ActiveCfg = Debug|Any CPU
		{F365CBCD-B5CA-4821-9596-081BEACBC390}.Debug|Any CPU.Build.0 = Debug|Any CPU
		{F365CBCD-B5CA-4821-9596-081BEACBC390}.Release|Any CPU.ActiveCfg = Release|Any CPU
		{F365CBCD-B5CA-4821-9596-081BEACBC390}.Release|Any CPU.Build.0 = Release|Any CPU
		{5F659D34-D2D0-493C-BB43-F4A27424A8BC}.Debug|Any CPU.ActiveCfg = Debug|Any CPU
		{5F659D34-D2D0-493C-BB43-F4A27424A8BC}.Debug|Any CPU.Build.0 = Debug|Any CPU
		{5F659D34-D2D0-493C-BB43-F4A27424A8BC}.Release|Any CPU.ActiveCfg = Release|Any CPU
		{5F659D34-D2D0-493C-BB43-F4A27424A8BC}.Release|Any CPU.Build.0 = Release|Any CPU
		{97BB7735-5467-4DAD-94F6-4A82469B6433}.Debug|Any CPU.ActiveCfg = Debug|Any CPU
		{97BB7735-5467-4DAD-94F6-4A82469B6433}.Debug|Any CPU.Build.0 = Debug|Any CPU
		{97BB7735-5467-4DAD-94F6-4A82469B6433}.Release|Any CPU.ActiveCfg = Release|Any CPU
		{97BB7735-5467-4DAD-94F6-4A82469B6433}.Release|Any CPU.Build.0 = Release|Any CPU
		{0BC9AF4C-13EE-4377-87B3-1F97618FB6FD}.Debug|Any CPU.ActiveCfg = Debug|Any CPU
		{0BC9AF4C-13EE-4377-87B3-1F97618FB6FD}.Debug|Any CPU.Build.0 = Debug|Any CPU
		{0BC9AF4C-13EE-4377-87B3-1F97618FB6FD}.Release|Any CPU.ActiveCfg = Release|Any CPU
		{0BC9AF4C-13EE-4377-87B3-1F97618FB6FD}.Release|Any CPU.Build.0 = Release|Any CPU
		{F2A55BEA-63C6-4D7F-8163-4BFA98018BE4}.Debug|Any CPU.ActiveCfg = Debug|Any CPU
		{F2A55BEA-63C6-4D7F-8163-4BFA98018BE4}.Debug|Any CPU.Build.0 = Debug|Any CPU
		{F2A55BEA-63C6-4D7F-8163-4BFA98018BE4}.Release|Any CPU.ActiveCfg = Release|Any CPU
		{F2A55BEA-63C6-4D7F-8163-4BFA98018BE4}.Release|Any CPU.Build.0 = Release|Any CPU
		{6882E899-3F33-479B-98B1-BE9FDF507F92}.Debug|Any CPU.ActiveCfg = Debug|Any CPU
		{6882E899-3F33-479B-98B1-BE9FDF507F92}.Debug|Any CPU.Build.0 = Debug|Any CPU
		{6882E899-3F33-479B-98B1-BE9FDF507F92}.Release|Any CPU.ActiveCfg = Release|Any CPU
		{6882E899-3F33-479B-98B1-BE9FDF507F92}.Release|Any CPU.Build.0 = Release|Any CPU
		{434488AB-FB7A-4A2C-9F97-1E3EBA2BDFFF}.Debug|Any CPU.ActiveCfg = Debug|Any CPU
		{434488AB-FB7A-4A2C-9F97-1E3EBA2BDFFF}.Debug|Any CPU.Build.0 = Debug|Any CPU
		{434488AB-FB7A-4A2C-9F97-1E3EBA2BDFFF}.Release|Any CPU.ActiveCfg = Release|Any CPU
		{434488AB-FB7A-4A2C-9F97-1E3EBA2BDFFF}.Release|Any CPU.Build.0 = Release|Any CPU
		{0826F9BB-DD63-428F-96E8-F04BF8B33C50}.Debug|Any CPU.ActiveCfg = Debug|Any CPU
		{0826F9BB-DD63-428F-96E8-F04BF8B33C50}.Debug|Any CPU.Build.0 = Debug|Any CPU
		{0826F9BB-DD63-428F-96E8-F04BF8B33C50}.Release|Any CPU.ActiveCfg = Release|Any CPU
		{0826F9BB-DD63-428F-96E8-F04BF8B33C50}.Release|Any CPU.Build.0 = Release|Any CPU
		{96670507-B70F-4A1A-BA72-5A61AEC085E2}.Debug|Any CPU.ActiveCfg = Debug|Any CPU
		{96670507-B70F-4A1A-BA72-5A61AEC085E2}.Debug|Any CPU.Build.0 = Debug|Any CPU
		{96670507-B70F-4A1A-BA72-5A61AEC085E2}.Release|Any CPU.ActiveCfg = Release|Any CPU
		{96670507-B70F-4A1A-BA72-5A61AEC085E2}.Release|Any CPU.Build.0 = Release|Any CPU
		{BED995BC-601F-4A3D-8B02-3C70EB678E23}.Debug|Any CPU.ActiveCfg = Debug|Any CPU
		{BED995BC-601F-4A3D-8B02-3C70EB678E23}.Debug|Any CPU.Build.0 = Debug|Any CPU
		{BED995BC-601F-4A3D-8B02-3C70EB678E23}.Release|Any CPU.ActiveCfg = Release|Any CPU
		{BED995BC-601F-4A3D-8B02-3C70EB678E23}.Release|Any CPU.Build.0 = Release|Any CPU
		{3B696D25-D37D-4F46-ADC2-77751AE1E5D3}.Debug|Any CPU.ActiveCfg = Debug|Any CPU
		{3B696D25-D37D-4F46-ADC2-77751AE1E5D3}.Debug|Any CPU.Build.0 = Debug|Any CPU
		{3B696D25-D37D-4F46-ADC2-77751AE1E5D3}.Release|Any CPU.ActiveCfg = Release|Any CPU
		{3B696D25-D37D-4F46-ADC2-77751AE1E5D3}.Release|Any CPU.Build.0 = Release|Any CPU
		{E7C06FD2-D791-473E-A7CE-D2E13B144F48}.Debug|Any CPU.ActiveCfg = Debug|Any CPU
		{E7C06FD2-D791-473E-A7CE-D2E13B144F48}.Debug|Any CPU.Build.0 = Debug|Any CPU
		{E7C06FD2-D791-473E-A7CE-D2E13B144F48}.Release|Any CPU.ActiveCfg = Release|Any CPU
		{E7C06FD2-D791-473E-A7CE-D2E13B144F48}.Release|Any CPU.Build.0 = Release|Any CPU
		{F35D12E7-5A9E-4392-953D-3E8BAEFF360D}.Debug|Any CPU.ActiveCfg = Debug|Any CPU
		{F35D12E7-5A9E-4392-953D-3E8BAEFF360D}.Debug|Any CPU.Build.0 = Debug|Any CPU
		{F35D12E7-5A9E-4392-953D-3E8BAEFF360D}.Release|Any CPU.ActiveCfg = Release|Any CPU
		{F35D12E7-5A9E-4392-953D-3E8BAEFF360D}.Release|Any CPU.Build.0 = Release|Any CPU
		{2D384C0F-B24A-4354-91E2-F28D21802A69}.Debug|Any CPU.ActiveCfg = Debug|Any CPU
		{2D384C0F-B24A-4354-91E2-F28D21802A69}.Debug|Any CPU.Build.0 = Debug|Any CPU
		{2D384C0F-B24A-4354-91E2-F28D21802A69}.Release|Any CPU.ActiveCfg = Release|Any CPU
		{2D384C0F-B24A-4354-91E2-F28D21802A69}.Release|Any CPU.Build.0 = Release|Any CPU
		{FC2DFF6D-AA60-4606-A496-FE19CCD41CB2}.Debug|Any CPU.ActiveCfg = Debug|Any CPU
		{FC2DFF6D-AA60-4606-A496-FE19CCD41CB2}.Debug|Any CPU.Build.0 = Debug|Any CPU
		{FC2DFF6D-AA60-4606-A496-FE19CCD41CB2}.Release|Any CPU.ActiveCfg = Release|Any CPU
		{FC2DFF6D-AA60-4606-A496-FE19CCD41CB2}.Release|Any CPU.Build.0 = Release|Any CPU
		{591307B2-B218-43E8-9477-6CC27D55E09F}.Debug|Any CPU.ActiveCfg = Debug|Any CPU
		{591307B2-B218-43E8-9477-6CC27D55E09F}.Debug|Any CPU.Build.0 = Debug|Any CPU
		{591307B2-B218-43E8-9477-6CC27D55E09F}.Release|Any CPU.ActiveCfg = Release|Any CPU
		{591307B2-B218-43E8-9477-6CC27D55E09F}.Release|Any CPU.Build.0 = Release|Any CPU
		{5C590061-8194-420B-8934-2C966C3B221E}.Debug|Any CPU.ActiveCfg = Debug|Any CPU
		{5C590061-8194-420B-8934-2C966C3B221E}.Debug|Any CPU.Build.0 = Debug|Any CPU
		{5C590061-8194-420B-8934-2C966C3B221E}.Release|Any CPU.ActiveCfg = Release|Any CPU
		{5C590061-8194-420B-8934-2C966C3B221E}.Release|Any CPU.Build.0 = Release|Any CPU
		{CF339D2A-2660-419B-B8AE-B437B7051015}.Debug|Any CPU.ActiveCfg = Debug|Any CPU
		{CF339D2A-2660-419B-B8AE-B437B7051015}.Debug|Any CPU.Build.0 = Debug|Any CPU
		{CF339D2A-2660-419B-B8AE-B437B7051015}.Release|Any CPU.ActiveCfg = Release|Any CPU
		{CF339D2A-2660-419B-B8AE-B437B7051015}.Release|Any CPU.Build.0 = Release|Any CPU
		{E948D976-15A8-4A4C-A71D-C159DDF018EA}.Debug|Any CPU.ActiveCfg = Debug|Any CPU
		{E948D976-15A8-4A4C-A71D-C159DDF018EA}.Debug|Any CPU.Build.0 = Debug|Any CPU
		{E948D976-15A8-4A4C-A71D-C159DDF018EA}.Release|Any CPU.ActiveCfg = Release|Any CPU
		{E948D976-15A8-4A4C-A71D-C159DDF018EA}.Release|Any CPU.Build.0 = Release|Any CPU
		{97D27FC2-95CE-4560-B398-F00B8EC6E741}.Debug|Any CPU.ActiveCfg = Debug|Any CPU
		{97D27FC2-95CE-4560-B398-F00B8EC6E741}.Debug|Any CPU.Build.0 = Debug|Any CPU
		{97D27FC2-95CE-4560-B398-F00B8EC6E741}.Release|Any CPU.ActiveCfg = Release|Any CPU
		{97D27FC2-95CE-4560-B398-F00B8EC6E741}.Release|Any CPU.Build.0 = Release|Any CPU
		{FCC32379-FBFA-422B-ABB0-2C958BF3FA8B}.Debug|Any CPU.ActiveCfg = Debug|Any CPU
		{FCC32379-FBFA-422B-ABB0-2C958BF3FA8B}.Debug|Any CPU.Build.0 = Debug|Any CPU
		{FCC32379-FBFA-422B-ABB0-2C958BF3FA8B}.Release|Any CPU.ActiveCfg = Release|Any CPU
		{FCC32379-FBFA-422B-ABB0-2C958BF3FA8B}.Release|Any CPU.Build.0 = Release|Any CPU
		{25E224DD-8C68-41F5-BB86-01CC1935C779}.Debug|Any CPU.ActiveCfg = Debug|Any CPU
		{25E224DD-8C68-41F5-BB86-01CC1935C779}.Debug|Any CPU.Build.0 = Debug|Any CPU
		{25E224DD-8C68-41F5-BB86-01CC1935C779}.Release|Any CPU.ActiveCfg = Release|Any CPU
		{25E224DD-8C68-41F5-BB86-01CC1935C779}.Release|Any CPU.Build.0 = Release|Any CPU
		{7DBEF130-94A0-4089-8CBD-B54304C1B4FB}.Debug|Any CPU.ActiveCfg = Debug|Any CPU
		{7DBEF130-94A0-4089-8CBD-B54304C1B4FB}.Debug|Any CPU.Build.0 = Debug|Any CPU
		{7DBEF130-94A0-4089-8CBD-B54304C1B4FB}.Release|Any CPU.ActiveCfg = Release|Any CPU
		{7DBEF130-94A0-4089-8CBD-B54304C1B4FB}.Release|Any CPU.Build.0 = Release|Any CPU
	EndGlobalSection
	GlobalSection(SolutionProperties) = preSolution
		HideSolutionNode = FALSE
	EndGlobalSection
	GlobalSection(NestedProjects) = preSolution
		{91F12730-39B1-4D95-B4D2-7B5E45E5D154} = {EAB22341-DE30-422B-8A9F-47371A0DA642}
		{F365CBCD-B5CA-4821-9596-081BEACBC390} = {EAB22341-DE30-422B-8A9F-47371A0DA642}
		{5F659D34-D2D0-493C-BB43-F4A27424A8BC} = {EAB22341-DE30-422B-8A9F-47371A0DA642}
		{97BB7735-5467-4DAD-94F6-4A82469B6433} = {FB1B9220-85FB-482B-8B7F-962CE524BC59}
		{0BC9AF4C-13EE-4377-87B3-1F97618FB6FD} = {FB1B9220-85FB-482B-8B7F-962CE524BC59}
		{F2A55BEA-63C6-4D7F-8163-4BFA98018BE4} = {FB1B9220-85FB-482B-8B7F-962CE524BC59}
		{6882E899-3F33-479B-98B1-BE9FDF507F92} = {2C2BF04E-F39E-4697-B4D0-7F8D7BEAD907}
		{434488AB-FB7A-4A2C-9F97-1E3EBA2BDFFF} = {2C2BF04E-F39E-4697-B4D0-7F8D7BEAD907}
		{0826F9BB-DD63-428F-96E8-F04BF8B33C50} = {2C2BF04E-F39E-4697-B4D0-7F8D7BEAD907}
		{96670507-B70F-4A1A-BA72-5A61AEC085E2} = {6417BA54-E031-477F-A90F-7F71DE38C0F4}
		{BED995BC-601F-4A3D-8B02-3C70EB678E23} = {6417BA54-E031-477F-A90F-7F71DE38C0F4}
		{3B696D25-D37D-4F46-ADC2-77751AE1E5D3} = {6417BA54-E031-477F-A90F-7F71DE38C0F4}
		{E7C06FD2-D791-473E-A7CE-D2E13B144F48} = {976FFC27-DD6C-4424-9BD2-4EB02BB87F93}
		{F35D12E7-5A9E-4392-953D-3E8BAEFF360D} = {976FFC27-DD6C-4424-9BD2-4EB02BB87F93}
		{2D384C0F-B24A-4354-91E2-F28D21802A69} = {976FFC27-DD6C-4424-9BD2-4EB02BB87F93}
		{FC2DFF6D-AA60-4606-A496-FE19CCD41CB2} = {33D7FCAF-1A4E-4754-A1DE-ADEF20D351AE}
		{591307B2-B218-43E8-9477-6CC27D55E09F} = {33D7FCAF-1A4E-4754-A1DE-ADEF20D351AE}
		{5C590061-8194-420B-8934-2C966C3B221E} = {33D7FCAF-1A4E-4754-A1DE-ADEF20D351AE}
		{CF339D2A-2660-419B-B8AE-B437B7051015} = {940811A7-A85D-4BD0-B3F7-66FDC98824EC}
		{E948D976-15A8-4A4C-A71D-C159DDF018EA} = {940811A7-A85D-4BD0-B3F7-66FDC98824EC}
		{97D27FC2-95CE-4560-B398-F00B8EC6E741} = {940811A7-A85D-4BD0-B3F7-66FDC98824EC}
		{FCC32379-FBFA-422B-ABB0-2C958BF3FA8B} = {36D591C7-65C7-A0D1-1CBC-10CDE441BDC8}
		{25E224DD-8C68-41F5-BB86-01CC1935C779} = {36D591C7-65C7-A0D1-1CBC-10CDE441BDC8}
		{7DBEF130-94A0-4089-8CBD-B54304C1B4FB} = {36D591C7-65C7-A0D1-1CBC-10CDE441BDC8}
	EndGlobalSection
	GlobalSection(ExtensibilityGlobals) = postSolution
		SolutionGuid = {72A6FF8B-3D00-4BB4-B53C-5A7959C83D2F}
	EndGlobalSection
EndGlobal
